
Microsoft Visual Studio Solution File, Format Version 12.00
# Visual Studio Version 17
VisualStudioVersion = 17.3.32825.248
MinimumVisualStudioVersion = 10.0.40219.1
Project("{FAE04EC0-301F-11D3-BF4B-00C04F79EFBC}") = "ATMinCsharp", "ATMinCsharp\ATMinCsharp.csproj", "{5E88D5D5-7977-4FC3-A306-13B9896F8374}"
EndProject
Global
	GlobalSection(SolutionConfigurationPlatforms) = preSolution
		Debug|Any CPU = Debug|Any CPU
		Release|Any CPU = Release|Any CPU
	EndGlobalSection
	GlobalSection(ProjectConfigurationPlatforms) = postSolution
		{5E88D5D5-7977-4FC3-A306-13B9896F8374}.Debug|Any CPU.ActiveCfg = Debug|Any CPU
		{5E88D5D5-7977-4FC3-A306-13B9896F8374}.Debug|Any CPU.Build.0 = Debug|Any CPU
		{5E88D5D5-7977-4FC3-A306-13B9896F8374}.Release|Any CPU.ActiveCfg = Release|Any CPU
		{5E88D5D5-7977-4FC3-A306-13B9896F8374}.Release|Any CPU.Build.0 = Release|Any CPU
	EndGlobalSection
	GlobalSection(SolutionProperties) = preSolution
		HideSolutionNode = FALSE
	EndGlobalSection
	GlobalSection(ExtensibilityGlobals) = postSolution
		SolutionGuid = {27E0034B-1A18-448F-9EEA-1167E4487518}
	EndGlobalSection
EndGlobal
